{
  "version": 4,
  "terraform_version": "1.5.4",
  "serial": 14,
  "lineage": "b2f1a1e2-b0d3-200a-323f-25c692f4bc67",
  "outputs": {
    "main_app_url": {
      "value": "acme-app-svc.azurewebsites.net",
      "type": "string"
    }
  },
  "resources": [
    {
      "mode": "managed",
      "type": "azurerm_app_service",
      "name": "example",
      "provider": "provider[\"registry.terraform.io/hashicorp/azurerm\"]",
      "instances": [
        {
          "schema_version": 0,
          "attributes": {
            "app_service_plan_id": "/subscriptions/66d7a39c-cd22-4f37-a0a8-39ed74e017a1/resourceGroups/example-resource-group/providers/Microsoft.Web/serverfarms/example-app-service-plan",
            "app_settings": {},
            "auth_settings": [
              {
                "active_directory": [],
                "additional_login_params": {},
                "allowed_external_redirect_urls": [],
                "default_provider": "",
                "enabled": false,
                "facebook": [],
                "google": [],
                "issuer": "",
                "microsoft": [],
                "runtime_version": "",
                "token_refresh_extension_hours": 0,
                "token_store_enabled": false,
                "twitter": [],
                "unauthenticated_client_action": ""
              }
            ],
            "backup": [],
            "client_affinity_enabled": false,
            "client_cert_enabled": false,
            "client_cert_mode": "Required",
            "connection_string": [],
            "custom_domain_verification_id": "080A32B567AAB39EE6F6DC5A7AB3FDC1621EA841E4E603A1025077967FFD73F8",
            "default_site_hostname": "acme-app-svc.azurewebsites.net",
            "enabled": true,
            "https_only": false,
            "id": "/subscriptions/66d7a39c-cd22-4f37-a0a8-39ed74e017a1/resourceGroups/example-resource-group/providers/Microsoft.Web/sites/acme-app-svc",
            "identity": [
              {
                "identity_ids": null,
                "principal_id": "f997b2e9-f1e4-4a17-80ae-2942520b9a0c",
                "tenant_id": "30608175-8512-4257-b608-dcf4da6e6429",
                "type": "SystemAssigned"
              }
            ],
            "key_vault_reference_identity_id": "SystemAssigned",
            "location": "eastus",
            "logs": [
              {
                "application_logs": [
                  {
                    "azure_blob_storage": [],
                    "file_system_level": "Off"
                  }
                ],
                "detailed_error_messages_enabled": false,
                "failed_request_tracing_enabled": false,
                "http_logs": [
                  {
                    "azure_blob_storage": [],
                    "file_system": []
                  }
                ]
              }
            ],
            "name": "acme-app-svc",
            "outbound_ip_address_list": [
              "20.81.64.105",
              "20.81.65.158",
              "20.81.65.170",
              "20.81.70.34",
              "20.85.152.124",
              "20.85.153.85",
              "20.119.8.26"
            ],
            "outbound_ip_addresses": "20.81.64.105,20.81.65.158,20.81.65.170,20.81.70.34,20.85.152.124,20.85.153.85,20.119.8.26",
            "possible_outbound_ip_address_list": [
              "20.81.64.105",
              "20.81.65.158",
              "20.81.65.170",
              "20.81.70.34",
              "20.85.152.124",
              "20.85.153.85",
              "20.85.153.207",
              "20.85.154.148",
              "20.85.155.10",
              "20.85.157.118",
              "20.121.168.236",
              "20.121.169.103",
              "20.121.169.209",
              "20.121.170.31",
              "20.121.171.9",
              "20.121.171.63",
              "20.121.171.115",
              "20.121.171.179",
              "20.121.172.85",
              "20.121.172.156",
              "20.121.172.244",
              "20.121.173.20",
              "20.85.152.22",
              "20.121.173.137",
              "20.119.8.26"
            ],
            "possible_outbound_ip_addresses": "20.81.64.105,20.81.65.158,20.81.65.170,20.81.70.34,20.85.152.124,20.85.153.85,20.85.153.207,20.85.154.148,20.85.155.10,20.85.157.118,20.121.168.236,20.121.169.103,20.121.169.209,20.121.170.31,20.121.171.9,20.121.171.63,20.121.171.115,20.121.171.179,20.121.172.85,20.121.172.156,20.121.172.244,20.121.173.20,20.85.152.22,20.121.173.137,20.119.8.26",
            "resource_group_name": "example-resource-group",
            "site_config": [
              {
                "acr_use_managed_identity_credentials": false,
                "acr_user_managed_identity_client_id": "",
                "always_on": true,
                "app_command_line": "",
                "auto_swap_slot_name": "",
                "cors": [
                  {
                    "allowed_origins": [],
                    "support_credentials": false
                  }
                ],
                "default_documents": null,
                "dotnet_framework_version": "v4.0",
                "ftps_state": "FtpsOnly",
                "health_check_path": "",
                "http2_enabled": false,
                "ip_restriction": [],
                "java_container": "",
                "java_container_version": "",
                "java_version": "",
                "linux_fx_version": "",
                "local_mysql_enabled": false,
                "managed_pipeline_mode": "Integrated",
                "min_tls_version": "1.2",
                "number_of_workers": 1,
                "php_version": "",
                "python_version": "",
                "remote_debugging_enabled": false,
                "remote_debugging_version": "VS2019",
                "scm_ip_restriction": [],
                "scm_type": "LocalGit",
                "scm_use_main_ip_restriction": false,
                "use_32_bit_worker_process": false,
                "vnet_route_all_enabled": false,
                "websockets_enabled": false,
                "windows_fx_version": ""
              }
            ],
            "site_credential": [
              {
                "password": "9weHq9wRxta4Yib8wZhydPAKrMsWuryD2rmdQetGDbSxzpneoBeZZdoaKyoJ",
                "username": "$acme-app-svc"
              }
            ],
            "source_control": [
              {
                "branch": "main",
                "manual_integration": false,
                "repo_url": "https://acme-app-svc.scm.azurewebsites.net",
                "rollback_enabled": false,
                "use_mercurial": false
              }
            ],
            "storage_account": [],
            "tags": null,
            "timeouts": null
          },
          "sensitive_attributes": [],
          "private": "eyJlMmJmYjczMC1lY2FhLTExZTYtOGY4OC0zNDM2M2JjN2M0YzAiOnsiY3JlYXRlIjoxODAwMDAwMDAwMDAwLCJkZWxldGUiOjE4MDAwMDAwMDAwMDAsInJlYWQiOjMwMDAwMDAwMDAwMCwidXBkYXRlIjoxODAwMDAwMDAwMDAwfX0=",
          "dependencies": [
            "azurerm_app_service_plan.example",
            "azurerm_resource_group.example"
          ]
        }
      ]
    },
    {
      "mode": "managed",
      "type": "azurerm_app_service_plan",
      "name": "example",
      "provider": "provider[\"registry.terraform.io/hashicorp/azurerm\"]",
      "instances": [
        {
          "schema_version": 0,
          "attributes": {
            "app_service_environment_id": "",
            "id": "/subscriptions/66d7a39c-cd22-4f37-a0a8-39ed74e017a1/resourceGroups/example-resource-group/providers/Microsoft.Web/serverfarms/example-app-service-plan",
            "is_xenon": false,
            "kind": "linux",
            "location": "eastus",
            "maximum_elastic_worker_count": 1,
            "maximum_number_of_workers": 3,
            "name": "example-app-service-plan",
            "per_site_scaling": false,
            "reserved": true,
            "resource_group_name": "example-resource-group",
            "sku": [
              {
                "capacity": 1,
                "size": "B1",
                "tier": "Basic"
              }
            ],
            "tags": null,
            "timeouts": null,
            "zone_redundant": false
          },
          "sensitive_attributes": [],
          "private": "eyJlMmJmYjczMC1lY2FhLTExZTYtOGY4OC0zNDM2M2JjN2M0YzAiOnsiY3JlYXRlIjozNjAwMDAwMDAwMDAwLCJkZWxldGUiOjM2MDAwMDAwMDAwMDAsInJlYWQiOjMwMDAwMDAwMDAwMCwidXBkYXRlIjozNjAwMDAwMDAwMDAwfX0=",
          "dependencies": [
            "azurerm_resource_group.example"
          ]
        }
      ]
    },
    {
      "mode": "managed",
      "type": "azurerm_resource_group",
      "name": "example",
      "provider": "provider[\"registry.terraform.io/hashicorp/azurerm\"]",
      "instances": [
        {
          "schema_version": 0,
          "attributes": {
            "id": "/subscriptions/66d7a39c-cd22-4f37-a0a8-39ed74e017a1/resourceGroups/example-resource-group",
            "location": "eastus",
            "managed_by": "",
            "name": "example-resource-group",
            "tags": {},
            "timeouts": null
          },
          "sensitive_attributes": [],
          "private": "eyJlMmJmYjczMC1lY2FhLTExZTYtOGY4OC0zNDM2M2JjN2M0YzAiOnsiY3JlYXRlIjo1NDAwMDAwMDAwMDAwLCJkZWxldGUiOjU0MDAwMDAwMDAwMDAsInJlYWQiOjMwMDAwMDAwMDAwMCwidXBkYXRlIjo1NDAwMDAwMDAwMDAwfX0="
        }
      ]
    }
  ],
  "check_results": null
}
